
Microsoft Visual Studio Solution File, Format Version 12.00
# Visual Studio Version 16
VisualStudioVersion = 16.0.29411.108
MinimumVisualStudioVersion = 10.0.40219.1
Project("{FAE04EC0-301F-11D3-BF4B-00C04F79EFBC}") = "AsterixDisplay", "AsterixDisplay\AsterixDisplay.csproj", "{95B350BF-E5DC-4D1D-A9F2-E8A6B357D623}"
EndProject
Project("{FAE04EC0-301F-11D3-BF4B-00C04F79EFBC}") = "AsterixDecoder", "ClassLibrary1\AsterixDecoder.csproj", "{C714E8FF-3F6E-46FC-920A-BF8CA0A850FD}"
EndProject
Global
	GlobalSection(SolutionConfigurationPlatforms) = preSolution
		Debug|Any CPU = Debug|Any CPU
		Debug|Mixed Platforms = Debug|Mixed Platforms
		Debug|x86 = Debug|x86
		Release|Any CPU = Release|Any CPU
		Release|Mixed Platforms = Release|Mixed Platforms
		Release|x86 = Release|x86
	EndGlobalSection
	GlobalSection(ProjectConfigurationPlatforms) = postSolution
		{95B350BF-E5DC-4D1D-A9F2-E8A6B357D623}.Debug|Any CPU.ActiveCfg = Debug|Any CPU
		{95B350BF-E5DC-4D1D-A9F2-E8A6B357D623}.Debug|Any CPU.Build.0 = Debug|Any CPU
		{95B350BF-E5DC-4D1D-A9F2-E8A6B357D623}.Debug|Mixed Platforms.ActiveCfg = Debug|Any CPU
		{95B350BF-E5DC-4D1D-A9F2-E8A6B357D623}.Debug|Mixed Platforms.Build.0 = Debug|Any CPU
		{95B350BF-E5DC-4D1D-A9F2-E8A6B357D623}.Debug|x86.ActiveCfg = Debug|Any CPU
		{95B350BF-E5DC-4D1D-A9F2-E8A6B357D623}.Debug|x86.Build.0 = Debug|Any CPU
		{95B350BF-E5DC-4D1D-A9F2-E8A6B357D623}.Release|Any CPU.ActiveCfg = Release|Any CPU
		{95B350BF-E5DC-4D1D-A9F2-E8A6B357D623}.Release|Any CPU.Build.0 = Release|Any CPU
		{95B350BF-E5DC-4D1D-A9F2-E8A6B357D623}.Release|Mixed Platforms.ActiveCfg = Release|Any CPU
		{95B350BF-E5DC-4D1D-A9F2-E8A6B357D623}.Release|Mixed Platforms.Build.0 = Release|Any CPU
		{95B350BF-E5DC-4D1D-A9F2-E8A6B357D623}.Release|x86.ActiveCfg = Release|Any CPU
		{95B350BF-E5DC-4D1D-A9F2-E8A6B357D623}.Release|x86.Build.0 = Release|Any CPU
		{C714E8FF-3F6E-46FC-920A-BF8CA0A850FD}.Debug|Any CPU.ActiveCfg = Debug|Any CPU
		{C714E8FF-3F6E-46FC-920A-BF8CA0A850FD}.Debug|Any CPU.Build.0 = Debug|Any CPU
		{C714E8FF-3F6E-46FC-920A-BF8CA0A850FD}.Debug|Mixed Platforms.ActiveCfg = Debug|Any CPU
		{C714E8FF-3F6E-46FC-920A-BF8CA0A850FD}.Debug|Mixed Platforms.Build.0 = Debug|Any CPU
		{C714E8FF-3F6E-46FC-920A-BF8CA0A850FD}.Debug|x86.ActiveCfg = Debug|Any CPU
		{C714E8FF-3F6E-46FC-920A-BF8CA0A850FD}.Debug|x86.Build.0 = Debug|Any CPU
		{C714E8FF-3F6E-46FC-920A-BF8CA0A850FD}.Release|Any CPU.ActiveCfg = Release|Any CPU
		{C714E8FF-3F6E-46FC-920A-BF8CA0A850FD}.Release|Any CPU.Build.0 = Release|Any CPU
		{C714E8FF-3F6E-46FC-920A-BF8CA0A850FD}.Release|Mixed Platforms.ActiveCfg = Release|Any CPU
		{C714E8FF-3F6E-46FC-920A-BF8CA0A850FD}.Release|Mixed Platforms.Build.0 = Release|Any CPU
		{C714E8FF-3F6E-46FC-920A-BF8CA0A850FD}.Release|x86.ActiveCfg = Release|Any CPU
		{C714E8FF-3F6E-46FC-920A-BF8CA0A850FD}.Release|x86.Build.0 = Release|Any CPU
	EndGlobalSection
	GlobalSection(SolutionProperties) = preSolution
		HideSolutionNode = FALSE
	EndGlobalSection
	GlobalSection(ExtensibilityGlobals) = postSolution
		SolutionGuid = {D39FB730-9382-4497-A4DB-F03004F4BFBA}
	EndGlobalSection
EndGlobal
